// !$*UTF8*$!
{
	archiveVersion = 1;
	classes = {
	};
	objectVersion = 48;
	objects = {

/* Begin PBXBuildFile section */
		B301C55120206C4A004C137C /* LYCircleItem.m in Sources */ = {isa = PBXBuildFile; fileRef = B301C54E20206C3F004C137C /* LYCircleItem.m */; };
		B301C55220206C4A004C137C /* LYCircleView.m in Sources */ = {isa = PBXBuildFile; fileRef = B301C55020206C3F004C137C /* LYCircleView.m */; };
		B3E5E230201EC52B0000A5EC /* AppDelegate.m in Sources */ = {isa = PBXBuildFile; fileRef = B3E5E22F201EC52B0000A5EC /* AppDelegate.m */; };
		B3E5E233201EC52B0000A5EC /* DemoViewController.m in Sources */ = {isa = PBXBuildFile; fileRef = B3E5E232201EC52B0000A5EC /* DemoViewController.m */; };
		B3E5E236201EC52B0000A5EC /* Main.storyboard in Resources */ = {isa = PBXBuildFile; fileRef = B3E5E234201EC52B0000A5EC /* Main.storyboard */; };
		B3E5E238201EC52B0000A5EC /* Assets.xcassets in Resources */ = {isa = PBXBuildFile; fileRef = B3E5E237201EC52B0000A5EC /* Assets.xcassets */; };
		B3E5E23B201EC52B0000A5EC /* LaunchScreen.storyboard in Resources */ = {isa = PBXBuildFile; fileRef = B3E5E239201EC52B0000A5EC /* LaunchScreen.storyboard */; };
		B3E5E23E201EC52B0000A5EC /* main.m in Sources */ = {isa = PBXBuildFile; fileRef = B3E5E23D201EC52B0000A5EC /* main.m */; };
		B3E5E248201EC52B0000A5EC /* LYCircleMenuTests.m in Sources */ = {isa = PBXBuildFile; fileRef = B3E5E247201EC52B0000A5EC /* LYCircleMenuTests.m */; };
		B3E5E253201EC52B0000A5EC /* LYCircleMenuUITests.m in Sources */ = {isa = PBXBuildFile; fileRef = B3E5E252201EC52B0000A5EC /* LYCircleMenuUITests.m */; };
/* End PBXBuildFile section */

/* Begin PBXContainerItemProxy section */
		B3E5E244201EC52B0000A5EC /* PBXContainerItemProxy */ = {
			isa = PBXContainerItemProxy;
			containerPortal = B3E5E223201EC52B0000A5EC /* Project object */;
			proxyType = 1;
			remoteGlobalIDString = B3E5E22A201EC52B0000A5EC;
			remoteInfo = LYCircleMenu;
		};
		B3E5E24F201EC52B0000A5EC /* PBXContainerItemProxy */ = {
			isa = PBXContainerItemProxy;
			containerPortal = B3E5E223201EC52B0000A5EC /* Project object */;
			proxyType = 1;
			remoteGlobalIDString = B3E5E22A201EC52B0000A5EC;
			remoteInfo = LYCircleMenu;
		};
/* End PBXContainerItemProxy section */

/* Begin PBXFileReference section */
		B301C54D20206C3F004C137C /* LYCircleItem.h */ = {isa = PBXFileReference; lastKnownFileType = sourcecode.c.h; path = LYCircleItem.h; sourceTree = "<group>"; };
		B301C54E20206C3F004C137C /* LYCircleItem.m */ = {isa = PBXFileReference; lastKnownFileType = sourcecode.c.objc; path = LYCircleItem.m; sourceTree = "<group>"; };
		B301C54F20206C3F004C137C /* LYCircleView.h */ = {isa = PBXFileReference; lastKnownFileType = sourcecode.c.h; path = LYCircleView.h; sourceTree = "<group>"; };
		B301C55020206C3F004C137C /* LYCircleView.m */ = {isa = PBXFileReference; lastKnownFileType = sourcecode.c.objc; path = LYCircleView.m; sourceTree = "<group>"; };
		B3E5E22B201EC52B0000A5EC /* LYCircleMenu.app */ = {isa = PBXFileReference; explicitFileType = wrapper.application; includeInIndex = 0; path = LYCircleMenu.app; sourceTree = BUILT_PRODUCTS_DIR; };
		B3E5E22E201EC52B0000A5EC /* AppDelegate.h */ = {isa = PBXFileReference; lastKnownFileType = sourcecode.c.h; path = AppDelegate.h; sourceTree = "<group>"; };
		B3E5E22F201EC52B0000A5EC /* AppDelegate.m */ = {isa = PBXFileReference; lastKnownFileType = sourcecode.c.objc; path = AppDelegate.m; sourceTree = "<group>"; };
		B3E5E231201EC52B0000A5EC /* DemoViewController.h */ = {isa = PBXFileReference; lastKnownFileType = sourcecode.c.h; path = DemoViewController.h; sourceTree = "<group>"; };
		B3E5E232201EC52B0000A5EC /* DemoViewController.m */ = {isa = PBXFileReference; lastKnownFileType = sourcecode.c.objc; path = DemoViewController.m; sourceTree = "<group>"; };
		B3E5E235201EC52B0000A5EC /* Base */ = {isa = PBXFileReference; lastKnownFileType = file.storyboard; name = Base; path = Base.lproj/Main.storyboard; sourceTree = "<group>"; };
		B3E5E237201EC52B0000A5EC /* Assets.xcassets */ = {isa = PBXFileReference; lastKnownFileType = folder.assetcatalog; path = Assets.xcassets; sourceTree = "<group>"; };
		B3E5E23A201EC52B0000A5EC /* Base */ = {isa = PBXFileReference; lastKnownFileType = file.storyboard; name = Base; path = Base.lproj/LaunchScreen.storyboard; sourceTree = "<group>"; };
		B3E5E23C201EC52B0000A5EC /* Info.plist */ = {isa = PBXFileReference; lastKnownFileType = text.plist.xml; path = Info.plist; sourceTree = "<group>"; };
		B3E5E23D201EC52B0000A5EC /* main.m */ = {isa = PBXFileReference; lastKnownFileType = sourcecode.c.objc; path = main.m; sourceTree = "<group>"; };
		B3E5E243201EC52B0000A5EC /* LYCircleMenuTests.xctest */ = {isa = PBXFileReference; explicitFileType = wrapper.cfbundle; includeInIndex = 0; path = LYCircleMenuTests.xctest; sourceTree = BUILT_PRODUCTS_DIR; };
		B3E5E247201EC52B0000A5EC /* LYCircleMenuTests.m */ = {isa = PBXFileReference; lastKnownFileType = sourcecode.c.objc; path = LYCircleMenuTests.m; sourceTree = "<group>"; };
		B3E5E249201EC52B0000A5EC /* Info.plist */ = {isa = PBXFileReference; lastKnownFileType = text.plist.xml; path = Info.plist; sourceTree = "<group>"; };
		B3E5E24E201EC52B0000A5EC /* LYCircleMenuUITests.xctest */ = {isa = PBXFileReference; explicitFileType = wrapper.cfbundle; includeInIndex = 0; path = LYCircleMenuUITests.xctest; sourceTree = BUILT_PRODUCTS_DIR; };
		B3E5E252201EC52B0000A5EC /* LYCircleMenuUITests.m */ = {isa = PBXFileReference; lastKnownFileType = sourcecode.c.objc; path = LYCircleMenuUITests.m; sourceTree = "<group>"; };
		B3E5E254201EC52B0000A5EC /* Info.plist */ = {isa = PBXFileReference; lastKnownFileType = text.plist.xml; path = Info.plist; sourceTree = "<group>"; };
/* End PBXFileReference section */

/* Begin PBXFrameworksBuildPhase section */
		B3E5E228201EC52B0000A5EC /* Frameworks */ = {
			isa = PBXFrameworksBuildPhase;
			buildActionMask = 2147483647;
			files = (
			);
			runOnlyForDeploymentPostprocessing = 0;
		};
		B3E5E240201EC52B0000A5EC /* Frameworks */ = {
			isa = PBXFrameworksBuildPhase;
			buildActionMask = 2147483647;
			files = (
			);
			runOnlyForDeploymentPostprocessing = 0;
		};
		B3E5E24B201EC52B0000A5EC /* Frameworks */ = {
			isa = PBXFrameworksBuildPhase;
			buildActionMask = 2147483647;
			files = (
			);
			runOnlyForDeploymentPostprocessing = 0;
		};
/* End PBXFrameworksBuildPhase section */

/* Begin PBXGroup section */
		B301C54C20206C3F004C137C /* LYCircleView */ = {
			isa = PBXGroup;
			children = (
				B301C54D20206C3F004C137C /* LYCircleItem.h */,
				B301C54E20206C3F004C137C /* LYCircleItem.m */,
				B301C54F20206C3F004C137C /* LYCircleView.h */,
				B301C55020206C3F004C137C /* LYCircleView.m */,
			);
			path = LYCircleView;
			sourceTree = SOURCE_ROOT;
		};
		B3E5E222201EC52B0000A5EC = {
			isa = PBXGroup;
			children = (
				B3E5E22D201EC52B0000A5EC /* LYCircleMenu */,
				B3E5E246201EC52B0000A5EC /* LYCircleMenuTests */,
				B3E5E251201EC52B0000A5EC /* LYCircleMenuUITests */,
				B3E5E22C201EC52B0000A5EC /* Products */,
			);
			sourceTree = "<group>";
		};
		B3E5E22C201EC52B0000A5EC /* Products */ = {
			isa = PBXGroup;
			children = (
				B3E5E22B201EC52B0000A5EC /* LYCircleMenu.app */,
				B3E5E243201EC52B0000A5EC /* LYCircleMenuTests.xctest */,
				B3E5E24E201EC52B0000A5EC /* LYCircleMenuUITests.xctest */,
			);
			name = Products;
			sourceTree = "<group>";
		};
		B3E5E22D201EC52B0000A5EC /* LYCircleMenu */ = {
			isa = PBXGroup;
			children = (
				B301C54C20206C3F004C137C /* LYCircleView */,
				B3E5E22E201EC52B0000A5EC /* AppDelegate.h */,
				B3E5E22F201EC52B0000A5EC /* AppDelegate.m */,
				B3E5E231201EC52B0000A5EC /* DemoViewController.h */,
				B3E5E232201EC52B0000A5EC /* DemoViewController.m */,
				B3E5E234201EC52B0000A5EC /* Main.storyboard */,
				B3E5E237201EC52B0000A5EC /* Assets.xcassets */,
				B3E5E239201EC52B0000A5EC /* LaunchScreen.storyboard */,
				B3E5E23C201EC52B0000A5EC /* Info.plist */,
				B3E5E23D201EC52B0000A5EC /* main.m */,
			);
			path = LYCircleMenu;
			sourceTree = "<group>";
		};
		B3E5E246201EC52B0000A5EC /* LYCircleMenuTests */ = {
			isa = PBXGroup;
			children = (
				B3E5E247201EC52B0000A5EC /* LYCircleMenuTests.m */,
				B3E5E249201EC52B0000A5EC /* Info.plist */,
			);
			path = LYCircleMenuTests;
			sourceTree = "<group>";
		};
		B3E5E251201EC52B0000A5EC /* LYCircleMenuUITests */ = {
			isa = PBXGroup;
			children = (
				B3E5E252201EC52B0000A5EC /* LYCircleMenuUITests.m */,
				B3E5E254201EC52B0000A5EC /* Info.plist */,
			);
			path = LYCircleMenuUITests;
			sourceTree = "<group>";
		};
/* End PBXGroup section */

/* Begin PBXNativeTarget section */
		B3E5E22A201EC52B0000A5EC /* LYCircleMenu */ = {
			isa = PBXNativeTarget;
			buildConfigurationList = B3E5E257201EC52B0000A5EC /* Build configuration list for PBXNativeTarget "LYCircleMenu" */;
			buildPhases = (
				B3E5E227201EC52B0000A5EC /* Sources */,
				B3E5E228201EC52B0000A5EC /* Frameworks */,
				B3E5E229201EC52B0000A5EC /* Resources */,
			);
			buildRules = (
			);
			dependencies = (
			);
			name = LYCircleMenu;
			productName = LYCircleMenu;
			productReference = B3E5E22B201EC52B0000A5EC /* LYCircleMenu.app */;
			productType = "com.apple.product-type.application";
		};
		B3E5E242201EC52B0000A5EC /* LYCircleMenuTests */ = {
			isa = PBXNativeTarget;
			buildConfigurationList = B3E5E25A201EC52B0000A5EC /* Build configuration list for PBXNativeTarget "LYCircleMenuTests" */;
			buildPhases = (
				B3E5E23F201EC52B0000A5EC /* Sources */,
				B3E5E240201EC52B0000A5EC /* Frameworks */,
				B3E5E241201EC52B0000A5EC /* Resources */,
			);
			buildRules = (
			);
			dependencies = (
				B3E5E245201EC52B0000A5EC /* PBXTargetDependency */,
			);
			name = LYCircleMenuTests;
			productName = LYCircleMenuTests;
			productReference = B3E5E243201EC52B0000A5EC /* LYCircleMenuTests.xctest */;
			productType = "com.apple.product-type.bundle.unit-test";
		};
		B3E5E24D201EC52B0000A5EC /* LYCircleMenuUITests */ = {
			isa = PBXNativeTarget;
			buildConfigurationList = B3E5E25D201EC52B0000A5EC /* Build configuration list for PBXNativeTarget "LYCircleMenuUITests" */;
			buildPhases = (
				B3E5E24A201EC52B0000A5EC /* Sources */,
				B3E5E24B201EC52B0000A5EC /* Frameworks */,
				B3E5E24C201EC52B0000A5EC /* Resources */,
			);
			buildRules = (
			);
			dependencies = (
				B3E5E250201EC52B0000A5EC /* PBXTargetDependency */,
			);
			name = LYCircleMenuUITests;
			productName = LYCircleMenuUITests;
			productReference = B3E5E24E201EC52B0000A5EC /* LYCircleMenuUITests.xctest */;
			productType = "com.apple.product-type.bundle.ui-testing";
		};
/* End PBXNativeTarget section */

/* Begin PBXProject section */
		B3E5E223201EC52B0000A5EC /* Project object */ = {
			isa = PBXProject;
			attributes = {
				LastUpgradeCheck = 0900;
				ORGANIZATIONNAME = J;
				TargetAttributes = {
					B3E5E22A201EC52B0000A5EC = {
						CreatedOnToolsVersion = 9.0;
						ProvisioningStyle = Automatic;
					};
					B3E5E242201EC52B0000A5EC = {
						CreatedOnToolsVersion = 9.0;
						ProvisioningStyle = Automatic;
						TestTargetID = B3E5E22A201EC52B0000A5EC;
					};
					B3E5E24D201EC52B0000A5EC = {
						CreatedOnToolsVersion = 9.0;
						ProvisioningStyle = Automatic;
						TestTargetID = B3E5E22A201EC52B0000A5EC;
					};
				};
			};
			buildConfigurationList = B3E5E226201EC52B0000A5EC /* Build configuration list for PBXProject "LYCircleMenu" */;
			compatibilityVersion = "Xcode 8.0";
			developmentRegion = en;
			hasScannedForEncodings = 0;
			knownRegions = (
				en,
				Base,
			);
			mainGroup = B3E5E222201EC52B0000A5EC;
			productRefGroup = B3E5E22C201EC52B0000A5EC /* Products */;
			projectDirPath = "";
			projectRoot = "";
			targets = (
				B3E5E22A201EC52B0000A5EC /* LYCircleMenu */,
				B3E5E242201EC52B0000A5EC /* LYCircleMenuTests */,
				B3E5E24D201EC52B0000A5EC /* LYCircleMenuUITests */,
			);
		};
/* End PBXProject section */

/* Begin PBXResourcesBuildPhase section */
		B3E5E229201EC52B0000A5EC /* Resources */ = {
			isa = PBXResourcesBuildPhase;
			buildActionMask = 2147483647;
			files = (
				B3E5E23B201EC52B0000A5EC /* LaunchScreen.storyboard in Resources */,
				B3E5E238201EC52B0000A5EC /* Assets.xcassets in Resources */,
				B3E5E236201EC52B0000A5EC /* Main.storyboard in Resources */,
			);
			runOnlyForDeploymentPostprocessing = 0;
		};
		B3E5E241201EC52B0000A5EC /* Resources */ = {
			isa = PBXResourcesBuildPhase;
			buildActionMask = 2147483647;
			files = (
			);
			runOnlyForDeploymentPostprocessing = 0;
		};
		B3E5E24C201EC52B0000A5EC /* Resources */ = {
			isa = PBXResourcesBuildPhase;
			buildActionMask = 2147483647;
			files = (
			);
			runOnlyForDeploymentPostprocessing = 0;
		};
/* End PBXResourcesBuildPhase section */

/* Begin PBXSourcesBuildPhase section */
		B3E5E227201EC52B0000A5EC /* Sources */ = {
			isa = PBXSourcesBuildPhase;
			buildActionMask = 2147483647;
			files = (
				B301C55120206C4A004C137C /* LYCircleItem.m in Sources */,
				B301C55220206C4A004C137C /* LYCircleView.m in Sources */,
				B3E5E233201EC52B0000A5EC /* DemoViewController.m in Sources */,
				B3E5E23E201EC52B0000A5EC /* main.m in Sources */,
				B3E5E230201EC52B0000A5EC /* AppDelegate.m in Sources */,
			);
			runOnlyForDeploymentPostprocessing = 0;
		};
		B3E5E23F201EC52B0000A5EC /* Sources */ = {
			isa = PBXSourcesBuildPhase;
			buildActionMask = 2147483647;
			files = (
				B3E5E248201EC52B0000A5EC /* LYCircleMenuTests.m in Sources */,
			);
			runOnlyForDeploymentPostprocessing = 0;
		};
		B3E5E24A201EC52B0000A5EC /* Sources */ = {
			isa = PBXSourcesBuildPhase;
			buildActionMask = 2147483647;
			files = (
				B3E5E253201EC52B0000A5EC /* LYCircleMenuUITests.m in Sources */,
			);
			runOnlyForDeploymentPostprocessing = 0;
		};
/* End PBXSourcesBuildPhase section */

/* Begin PBXTargetDependency section */
		B3E5E245201EC52B0000A5EC /* PBXTargetDependency */ = {
			isa = PBXTargetDependency;
			target = B3E5E22A201EC52B0000A5EC /* LYCircleMenu */;
			targetProxy = B3E5E244201EC52B0000A5EC /* PBXContainerItemProxy */;
		};
		B3E5E250201EC52B0000A5EC /* PBXTargetDependency */ = {
			isa = PBXTargetDependency;
			target = B3E5E22A201EC52B0000A5EC /* LYCircleMenu */;
			targetProxy = B3E5E24F201EC52B0000A5EC /* PBXContainerItemProxy */;
		};
/* End PBXTargetDependency section */

/* Begin PBXVariantGroup section */
		B3E5E234201EC52B0000A5EC /* Main.storyboard */ = {
			isa = PBXVariantGroup;
			children = (
				B3E5E235201EC52B0000A5EC /* Base */,
			);
			name = Main.storyboard;
			sourceTree = "<group>";
		};
		B3E5E239201EC52B0000A5EC /* LaunchScreen.storyboard */ = {
			isa = PBXVariantGroup;
			children = (
				B3E5E23A201EC52B0000A5EC /* Base */,
			);
			name = LaunchScreen.storyboard;
			sourceTree = "<group>";
		};
/* End PBXVariantGroup section */

/* Begin XCBuildConfiguration section */
		B3E5E255201EC52B0000A5EC /* Debug */ = {
			isa = XCBuildConfiguration;
			buildSettings = {
				ALWAYS_SEARCH_USER_PATHS = NO;
				CLANG_ANALYZER_NONNULL = YES;
				CLANG_ANALYZER_NUMBER_OBJECT_CONVERSION = YES_AGGRESSIVE;
				CLANG_CXX_LANGUAGE_STANDARD = "gnu++14";
				CLANG_CXX_LIBRARY = "libc++";
				CLANG_ENABLE_MODULES = YES;
				CLANG_ENABLE_OBJC_ARC = YES;
				CLANG_WARN_BLOCK_CAPTURE_AUTORELEASING = YES;
				CLANG_WARN_BOOL_CONVERSION = YES;
				CLANG_WARN_COMMA = YES;
				CLANG_WARN_CONSTANT_CONVERSION = YES;
				CLANG_WARN_DIRECT_OBJC_ISA_USAGE = YES_ERROR;
				CLANG_WARN_DOCUMENTATION_COMMENTS = YES;
				CLANG_WARN_EMPTY_BODY = YES;
				CLANG_WARN_ENUM_CONVERSION = YES;
				CLANG_WARN_INFINITE_RECURSION = YES;
				CLANG_WARN_INT_CONVERSION = YES;
				CLANG_WARN_NON_LITERAL_NULL_CONVERSION = YES;
				CLANG_WARN_OBJC_LITERAL_CONVERSION = YES;
				CLANG_WARN_OBJC_ROOT_CLASS = YES_ERROR;
				CLANG_WARN_RANGE_LOOP_ANALYSIS = YES;
				CLANG_WARN_STRICT_PROTOTYPES = YES;
				CLANG_WARN_SUSPICIOUS_MOVE = YES;
				CLANG_WARN_UNGUARDED_AVAILABILITY = YES_AGGRESSIVE;
				CLANG_WARN_UNREACHABLE_CODE = YES;
				CLANG_WARN__DUPLICATE_METHOD_MATCH = YES;
				CODE_SIGN_IDENTITY = "iPhone Developer";
				COPY_PHASE_STRIP = NO;
				DEBUG_INFORMATION_FORMAT = dwarf;
				ENABLE_STRICT_OBJC_MSGSEND = YES;
				ENABLE_TESTABILITY = YES;
				GCC_C_LANGUAGE_STANDARD = gnu11;
				GCC_DYNAMIC_NO_PIC = NO;
				GCC_NO_COMMON_BLOCKS = YES;
				GCC_OPTIMIZATION_LEVEL = 0;
				GCC_PREPROCESSOR_DEFINITIONS = (
					"DEBUG=1",
					"$(inherited)",
				);
				GCC_WARN_64_TO_32_BIT_CONVERSION = YES;
				GCC_WARN_ABOUT_RETURN_TYPE = YES_ERROR;
				GCC_WARN_UNDECLARED_SELECTOR = YES;
				GCC_WARN_UNINITIALIZED_AUTOS = YES_AGGRESSIVE;
				GCC_WARN_UNUSED_FUNCTION = YES;
				GCC_WARN_UNUSED_VARIABLE = YES;
				IPHONEOS_DEPLOYMENT_TARGET = 11.0;
				MTL_ENABLE_DEBUG_INFO = YES;
				ONLY_ACTIVE_ARCH = YES;
				SDKROOT = iphoneos;
			};
			name = Debug;
		};
		B3E5E256201EC52B0000A5EC /* Release */ = {
			isa = XCBuildConfiguration;
			buildSettings = {
				ALWAYS_SEARCH_USER_PATHS = NO;
				CLANG_ANALYZER_NONNULL = YES;
				CLANG_ANALYZER_NUMBER_OBJECT_CONVERSION = YES_AGGRESSIVE;
				CLANG_CXX_LANGUAGE_STANDARD = "gnu++14";
				CLANG_CXX_LIBRARY = "libc++";
				CLANG_ENABLE_MODULES = YES;
				CLANG_ENABLE_OBJC_ARC = YES;
				CLANG_WARN_BLOCK_CAPTURE_AUTORELEASING = YES;
				CLANG_WARN_BOOL_CONVERSION = YES;
				CLANG_WARN_COMMA = YES;
				CLANG_WARN_CONSTANT_CONVERSION = YES;
				CLANG_WARN_DIRECT_OBJC_ISA_USAGE = YES_ERROR;
				CLANG_WARN_DOCUMENTATION_COMMENTS = YES;
				CLANG_WARN_EMPTY_BODY = YES;
				CLANG_WARN_ENUM_CONVERSION = YES;
				CLANG_WARN_INFINITE_RECURSION = YES;
				CLANG_WARN_INT_CONVERSION = YES;
				CLANG_WARN_NON_LITERAL_NULL_CONVERSION = YES;
				CLANG_WARN_OBJC_LITERAL_CONVERSION = YES;
				CLANG_WARN_OBJC_ROOT_CLASS = YES_ERROR;
				CLANG_WARN_RANGE_LOOP_ANALYSIS = YES;
				CLANG_WARN_STRICT_PROTOTYPES = YES;
				CLANG_WARN_SUSPICIOUS_MOVE = YES;
				CLANG_WARN_UNGUARDED_AVAILABILITY = YES_AGGRESSIVE;
				CLANG_WARN_UNREACHABLE_CODE = YES;
				CLANG_WARN__DUPLICATE_METHOD_MATCH = YES;
				CODE_SIGN_IDENTITY = "iPhone Developer";
				COPY_PHASE_STRIP = NO;
				DEBUG_INFORMATION_FORMAT = "dwarf-with-dsym";
				ENABLE_NS_ASSERTIONS = NO;
				ENABLE_STRICT_OBJC_MSGSEND = YES;
				GCC_C_LANGUAGE_STANDARD = gnu11;
				GCC_NO_COMMON_BLOCKS = YES;
				GCC_WARN_64_TO_32_BIT_CONVERSION = YES;
				GCC_WARN_ABOUT_RETURN_TYPE = YES_ERROR;
				GCC_WARN_UNDECLARED_SELECTOR = YES;
				GCC_WARN_UNINITIALIZED_AUTOS = YES_AGGRESSIVE;
				GCC_WARN_UNUSED_FUNCTION = YES;
				GCC_WARN_UNUSED_VARIABLE = YES;
				IPHONEOS_DEPLOYMENT_TARGET = 11.0;
				MTL_ENABLE_DEBUG_INFO = NO;
				SDKROOT = iphoneos;
				VALIDATE_PRODUCT = YES;
			};
			name = Release;
		};
		B3E5E258201EC52B0000A5EC /* Debug */ = {
			isa = XCBuildConfiguration;
			buildSettings = {
				ASSETCATALOG_COMPILER_APPICON_NAME = AppIcon;
				CODE_SIGN_STYLE = Automatic;
				DEVELOPMENT_TEAM = "";
				INFOPLIST_FILE = LYCircleMenu/Info.plist;
				IPHONEOS_DEPLOYMENT_TARGET = 9.0;
				LD_RUNPATH_SEARCH_PATHS = "$(inherited) @executable_path/Frameworks";
				PRODUCT_BUNDLE_IDENTIFIER = com.J.LYCircleMenu;
				PRODUCT_NAME = "$(TARGET_NAME)";
				TARGETED_DEVICE_FAMILY = "1,2";
			};
			name = Debug;
		};
		B3E5E259201EC52B0000A5EC /* Release */ = {
			isa = XCBuildConfiguration;
			buildSettings = {
				ASSETCATALOG_COMPILER_APPICON_NAME = AppIcon;
				CODE_SIGN_STYLE = Automatic;
				DEVELOPMENT_TEAM = "";
				INFOPLIST_FILE = LYCircleMenu/Info.plist;
				IPHONEOS_DEPLOYMENT_TARGET = 9.0;
				LD_RUNPATH_SEARCH_PATHS = "$(inherited) @executable_path/Frameworks";
				PRODUCT_BUNDLE_IDENTIFIER = com.J.LYCircleMenu;
				PRODUCT_NAME = "$(TARGET_NAME)";
				TARGETED_DEVICE_FAMILY = "1,2";
			};
			name = Release;
		};
		B3E5E25B201EC52B0000A5EC /* Debug */ = {
			isa = XCBuildConfiguration;
			buildSettings = {
				BUNDLE_LOADER = "$(TEST_HOST)";
				CODE_SIGN_STYLE = Automatic;
				DEVELOPMENT_TEAM = 8H42Q3R4VZ;
				INFOPLIST_FILE = LYCircleMenuTests/Info.plist;
				LD_RUNPATH_SEARCH_PATHS = "$(inherited) @executable_path/Frameworks @loader_path/Frameworks";
				PRODUCT_BUNDLE_IDENTIFIER = com.j.LYCircleMenuTests;
				PRODUCT_NAME = "$(TARGET_NAME)";
				TARGETED_DEVICE_FAMILY = "1,2";
				TEST_HOST = "$(BUILT_PRODUCTS_DIR)/LYCircleMenu.app/LYCircleMenu";
			};
			name = Debug;
		};
		B3E5E25C201EC52B0000A5EC /* Release */ = {
			isa = XCBuildConfiguration;
			buildSettings = {
				BUNDLE_LOADER = "$(TEST_HOST)";
				CODE_SIGN_STYLE = Automatic;
				DEVELOPMENT_TEAM = 8H42Q3R4VZ;
				INFOPLIST_FILE = LYCircleMenuTests/Info.plist;
				LD_RUNPATH_SEARCH_PATHS = "$(inherited) @executable_path/Frameworks @loader_path/Frameworks";
				PRODUCT_BUNDLE_IDENTIFIER = com.j.LYCircleMenuTests;
				PRODUCT_NAME = "$(TARGET_NAME)";
				TARGETED_DEVICE_FAMILY = "1,2";
				TEST_HOST = "$(BUILT_PRODUCTS_DIR)/LYCircleMenu.app/LYCircleMenu";
			};
			name = Release;
		};
		B3E5E25E201EC52B0000A5EC /* Debug */ = {
			isa = XCBuildConfiguration;
			buildSettings = {
				CODE_SIGN_STYLE = Automatic;
				DEVELOPMENT_TEAM = 8H42Q3R4VZ;
				INFOPLIST_FILE = LYCircleMenuUITests/Info.plist;
				LD_RUNPATH_SEARCH_PATHS = "$(inherited) @executable_path/Frameworks @loader_path/Frameworks";
				PRODUCT_BUNDLE_IDENTIFIER = com.j.LYCircleMenuUITests;
				PRODUCT_NAME = "$(TARGET_NAME)";
				TARGETED_DEVICE_FAMILY = "1,2";
				TEST_TARGET_NAME = LYCircleMenu;
			};
			name = Debug;
		};
		B3E5E25F201EC52B0000A5EC /* Release */ = {
			isa = XCBuildConfiguration;
			buildSettings = {
				CODE_SIGN_STYLE = Automatic;
				DEVELOPMENT_TEAM = 8H42Q3R4VZ;
				INFOPLIST_FILE = LYCircleMenuUITests/Info.plist;
				LD_RUNPATH_SEARCH_PATHS = "$(inherited) @executable_path/Frameworks @loader_path/Frameworks";
				PRODUCT_BUNDLE_IDENTIFIER = com.j.LYCircleMenuUITests;
				PRODUCT_NAME = "$(TARGET_NAME)";
				TARGETED_DEVICE_FAMILY = "1,2";
				TEST_TARGET_NAME = LYCircleMenu;
			};
			name = Release;
		};
/* End XCBuildConfiguration section */

/* Begin XCConfigurationList section */
		B3E5E226201EC52B0000A5EC /* Build configuration list for PBXProject "LYCircleMenu" */ = {
			isa = XCConfigurationList;
			buildConfigurations = (
				B3E5E255201EC52B0000A5EC /* Debug */,
				B3E5E256201EC52B0000A5EC /* Release */,
			);
			defaultConfigurationIsVisible = 0;
			defaultConfigurationName = Release;
		};
		B3E5E257201EC52B0000A5EC /* Build configuration list for PBXNativeTarget "LYCircleMenu" */ = {
			isa = XCConfigurationList;
			buildConfigurations = (
				B3E5E258201EC52B0000A5EC /* Debug */,
				B3E5E259201EC52B0000A5EC /* Release */,
			);
			defaultConfigurationIsVisible = 0;
			defaultConfigurationName = Release;
		};
		B3E5E25A201EC52B0000A5EC /* Build configuration list for PBXNativeTarget "LYCircleMenuTests" */ = {
			isa = XCConfigurationList;
			buildConfigurations = (
				B3E5E25B201EC52B0000A5EC /* Debug */,
				B3E5E25C201EC52B0000A5EC /* Release */,
			);
			defaultConfigurationIsVisible = 0;
			defaultConfigurationName = Release;
		};
		B3E5E25D201EC52B0000A5EC /* Build configuration list for PBXNativeTarget "LYCircleMenuUITests" */ = {
			isa = XCConfigurationList;
			buildConfigurations = (
				B3E5E25E201EC52B0000A5EC /* Debug */,
				B3E5E25F201EC52B0000A5EC /* Release */,
			);
			defaultConfigurationIsVisible = 0;
			defaultConfigurationName = Release;
		};
/* End XCConfigurationList section */
	};
	rootObject = B3E5E223201EC52B0000A5EC /* Project object */;
}
